
Microsoft Visual Studio Solution File, Format Version 12.00
# Visual Studio 15
Project("{FAE04EC0-301F-11D3-BF4B-00C04F79EFBC}") = "AspHomework.WebUI", "AspHomework.WebUI\AspHomework.WebUI.csproj", "{481931E7-41C5-454D-BFCF-518C4B39E9AD}"
EndProject
Project("{FAE04EC0-301F-11D3-BF4B-00C04F79EFBC}") = "AspHomework.WebAPI", "AspHomework.WebAPI\AspHomework.WebAPI.csproj", "{6F45255A-341E-4FAC-BABC-8A0B0C500347}"
EndProject
Project("{FAE04EC0-301F-11D3-BF4B-00C04F79EFBC}") = "AspHomework.DAL", "AspHomework.DAL\AspHomework.DAL.csproj", "{8323AEB8-CDAC-480F-BB34-60750238B7DB}"
EndProject
Project("{FAE04EC0-301F-11D3-BF4B-00C04F79EFBC}") = "AspHomework.Tests", "AspHomework.Tests\AspHomework.Tests.csproj", "{CD0B908F-A6CF-42EE-834A-C069CF78CE86}"
EndProject
Project("{FAE04EC0-301F-11D3-BF4B-00C04F79EFBC}") = "AspHomework.Core", "AspHomework.Core\AspHomework.Core.csproj", "{3312A2E1-C5CA-462A-B45E-8807248FD603}"
EndProject
Global
	GlobalSection(SolutionConfigurationPlatforms) = preSolution
		Debug|Any CPU = Debug|Any CPU
		Release|Any CPU = Release|Any CPU
	EndGlobalSection
	GlobalSection(ProjectConfigurationPlatforms) = postSolution
		{481931E7-41C5-454D-BFCF-518C4B39E9AD}.Debug|Any CPU.ActiveCfg = Debug|Any CPU
		{481931E7-41C5-454D-BFCF-518C4B39E9AD}.Debug|Any CPU.Build.0 = Debug|Any CPU
		{481931E7-41C5-454D-BFCF-518C4B39E9AD}.Release|Any CPU.ActiveCfg = Release|Any CPU
		{481931E7-41C5-454D-BFCF-518C4B39E9AD}.Release|Any CPU.Build.0 = Release|Any CPU
		{6F45255A-341E-4FAC-BABC-8A0B0C500347}.Debug|Any CPU.ActiveCfg = Debug|Any CPU
		{6F45255A-341E-4FAC-BABC-8A0B0C500347}.Debug|Any CPU.Build.0 = Debug|Any CPU
		{6F45255A-341E-4FAC-BABC-8A0B0C500347}.Release|Any CPU.ActiveCfg = Release|Any CPU
		{6F45255A-341E-4FAC-BABC-8A0B0C500347}.Release|Any CPU.Build.0 = Release|Any CPU
		{8323AEB8-CDAC-480F-BB34-60750238B7DB}.Debug|Any CPU.ActiveCfg = Debug|Any CPU
		{8323AEB8-CDAC-480F-BB34-60750238B7DB}.Debug|Any CPU.Build.0 = Debug|Any CPU
		{8323AEB8-CDAC-480F-BB34-60750238B7DB}.Release|Any CPU.ActiveCfg = Release|Any CPU
		{8323AEB8-CDAC-480F-BB34-60750238B7DB}.Release|Any CPU.Build.0 = Release|Any CPU
		{CD0B908F-A6CF-42EE-834A-C069CF78CE86}.Debug|Any CPU.ActiveCfg = Debug|Any CPU
		{CD0B908F-A6CF-42EE-834A-C069CF78CE86}.Debug|Any CPU.Build.0 = Debug|Any CPU
		{CD0B908F-A6CF-42EE-834A-C069CF78CE86}.Release|Any CPU.ActiveCfg = Release|Any CPU
		{CD0B908F-A6CF-42EE-834A-C069CF78CE86}.Release|Any CPU.Build.0 = Release|Any CPU
		{3312A2E1-C5CA-462A-B45E-8807248FD603}.Debug|Any CPU.ActiveCfg = Debug|Any CPU
		{3312A2E1-C5CA-462A-B45E-8807248FD603}.Debug|Any CPU.Build.0 = Debug|Any CPU
		{3312A2E1-C5CA-462A-B45E-8807248FD603}.Release|Any CPU.ActiveCfg = Release|Any CPU
		{3312A2E1-C5CA-462A-B45E-8807248FD603}.Release|Any CPU.Build.0 = Release|Any CPU
	EndGlobalSection
EndGlobal
